
Microsoft Visual Studio Solution File, Format Version 12.00
# Visual Studio Version 16
VisualStudioVersion = 16.0.29920.165
MinimumVisualStudioVersion = 10.0.40219.1
Project("{FAE04EC0-301F-11D3-BF4B-00C04F79EFBC}") = "Cw11", "Cw11\Cw11.csproj", "{2BCBE6F2-E73B-4247-B690-6FAE13656EE8}"
EndProject
Global
	GlobalSection(SolutionConfigurationPlatforms) = preSolution
		Debug|Any CPU = Debug|Any CPU
		Release|Any CPU = Release|Any CPU
	EndGlobalSection
	GlobalSection(ProjectConfigurationPlatforms) = postSolution
		{2BCBE6F2-E73B-4247-B690-6FAE13656EE8}.Debug|Any CPU.ActiveCfg = Debug|Any CPU
		{2BCBE6F2-E73B-4247-B690-6FAE13656EE8}.Debug|Any CPU.Build.0 = Debug|Any CPU
		{2BCBE6F2-E73B-4247-B690-6FAE13656EE8}.Release|Any CPU.ActiveCfg = Release|Any CPU
		{2BCBE6F2-E73B-4247-B690-6FAE13656EE8}.Release|Any CPU.Build.0 = Release|Any CPU
	EndGlobalSection
	GlobalSection(SolutionProperties) = preSolution
		HideSolutionNode = FALSE
	EndGlobalSection
	GlobalSection(ExtensibilityGlobals) = postSolution
		SolutionGuid = {7D82DE58-F827-48D9-90F1-5704F617EBAE}
	EndGlobalSection
EndGlobal
